
Microsoft Visual Studio Solution File, Format Version 12.00
# Visual Studio Version 16
VisualStudioVersion = 16.0.29613.14
MinimumVisualStudioVersion = 10.0.40219.1
Project("{FAE04EC0-301F-11D3-BF4B-00C04F79EFBC}") = "BooksApi", "BooksApi\BooksApi.csproj", "{0CE00C2F-C583-41B3-A57E-6D6F9B141A51}"
EndProject
Global
	GlobalSection(SolutionConfigurationPlatforms) = preSolution
		Debug|Any CPU = Debug|Any CPU
		Release|Any CPU = Release|Any CPU
	EndGlobalSection
	GlobalSection(ProjectConfigurationPlatforms) = postSolution
		{0CE00C2F-C583-41B3-A57E-6D6F9B141A51}.Debug|Any CPU.ActiveCfg = Debug|Any CPU
		{0CE00C2F-C583-41B3-A57E-6D6F9B141A51}.Debug|Any CPU.Build.0 = Debug|Any CPU
		{0CE00C2F-C583-41B3-A57E-6D6F9B141A51}.Release|Any CPU.ActiveCfg = Release|Any CPU
		{0CE00C2F-C583-41B3-A57E-6D6F9B141A51}.Release|Any CPU.Build.0 = Release|Any CPU
	EndGlobalSection
	GlobalSection(SolutionProperties) = preSolution
		HideSolutionNode = FALSE
	EndGlobalSection
	GlobalSection(ExtensibilityGlobals) = postSolution
		SolutionGuid = {F273F81A-2BEE-447A-9FE6-201F425C9514}
	EndGlobalSection
EndGlobal
